
Microsoft Visual Studio Solution File, Format Version 12.00
# Visual Studio Version 17
VisualStudioVersion = 17.9.34607.119
MinimumVisualStudioVersion = 10.0.40219.1
Project("{8BC9CEB8-8B4A-11D0-8D11-00A0C91BC942}") = "Section8_ExpressionsAndStatements", "Section8_ExpressionsAndStatements\Section8_ExpressionsAndStatements.vcxproj", "{AF1E34AB-4E0B-46CB-9046-DD45CE93152E}"
EndProject
Global
	GlobalSection(SolutionConfigurationPlatforms) = preSolution
		Debug|x64 = Debug|x64
		Debug|x86 = Debug|x86
		Release|x64 = Release|x64
		Release|x86 = Release|x86
	EndGlobalSection
	GlobalSection(ProjectConfigurationPlatforms) = postSolution
		{AF1E34AB-4E0B-46CB-9046-DD45CE93152E}.Debug|x64.ActiveCfg = Debug|x64
		{AF1E34AB-4E0B-46CB-9046-DD45CE93152E}.Debug|x64.Build.0 = Debug|x64
		{AF1E34AB-4E0B-46CB-9046-DD45CE93152E}.Debug|x86.ActiveCfg = Debug|Win32
		{AF1E34AB-4E0B-46CB-9046-DD45CE93152E}.Debug|x86.Build.0 = Debug|Win32
		{AF1E34AB-4E0B-46CB-9046-DD45CE93152E}.Release|x64.ActiveCfg = Release|x64
		{AF1E34AB-4E0B-46CB-9046-DD45CE93152E}.Release|x64.Build.0 = Release|x64
		{AF1E34AB-4E0B-46CB-9046-DD45CE93152E}.Release|x86.ActiveCfg = Release|Win32
		{AF1E34AB-4E0B-46CB-9046-DD45CE93152E}.Release|x86.Build.0 = Release|Win32
	EndGlobalSection
	GlobalSection(SolutionProperties) = preSolution
		HideSolutionNode = FALSE
	EndGlobalSection
	GlobalSection(ExtensibilityGlobals) = postSolution
		SolutionGuid = {B6676270-E954-4EB0-8804-7D727313C8F5}
	EndGlobalSection
EndGlobal
